// !$*UTF8*$!
{
	archiveVersion = 1;
	classes = {
	};
	objectVersion = 50;
	objects = {

/* Begin PBXBuildFile section */
		D316D8F4223E85E2009CDF2A /* AppDelegate.swift in Sources */ = {isa = PBXBuildFile; fileRef = D316D8F3223E85E2009CDF2A /* AppDelegate.swift */; };
		D316D8F6223E85E2009CDF2A /* art.scnassets in Resources */ = {isa = PBXBuildFile; fileRef = D316D8F5223E85E2009CDF2A /* art.scnassets */; };
		D316D8F8223E85E2009CDF2A /* GameViewController.swift in Sources */ = {isa = PBXBuildFile; fileRef = D316D8F7223E85E2009CDF2A /* GameViewController.swift */; };
		D316D8FB223E85E2009CDF2A /* Main.storyboard in Resources */ = {isa = PBXBuildFile; fileRef = D316D8F9223E85E2009CDF2A /* Main.storyboard */; };
		D316D8FD223E85E3009CDF2A /* Assets.xcassets in Resources */ = {isa = PBXBuildFile; fileRef = D316D8FC223E85E3009CDF2A /* Assets.xcassets */; };
		D316D900223E85E3009CDF2A /* LaunchScreen.storyboard in Resources */ = {isa = PBXBuildFile; fileRef = D316D8FE223E85E3009CDF2A /* LaunchScreen.storyboard */; };
/* End PBXBuildFile section */

/* Begin PBXFileReference section */
		D316D8F0223E85E2009CDF2A /* MindTheStone.app */ = {isa = PBXFileReference; explicitFileType = wrapper.application; includeInIndex = 0; path = MindTheStone.app; sourceTree = BUILT_PRODUCTS_DIR; };
		D316D8F3223E85E2009CDF2A /* AppDelegate.swift */ = {isa = PBXFileReference; lastKnownFileType = sourcecode.swift; path = AppDelegate.swift; sourceTree = "<group>"; };
		D316D8F5223E85E2009CDF2A /* art.scnassets */ = {isa = PBXFileReference; lastKnownFileType = wrapper.scnassets; path = art.scnassets; sourceTree = "<group>"; };
		D316D8F7223E85E2009CDF2A /* GameViewController.swift */ = {isa = PBXFileReference; lastKnownFileType = sourcecode.swift; path = GameViewController.swift; sourceTree = "<group>"; };
		D316D8FA223E85E2009CDF2A /* Base */ = {isa = PBXFileReference; lastKnownFileType = file.storyboard; name = Base; path = Base.lproj/Main.storyboard; sourceTree = "<group>"; };
		D316D8FC223E85E3009CDF2A /* Assets.xcassets */ = {isa = PBXFileReference; lastKnownFileType = folder.assetcatalog; path = Assets.xcassets; sourceTree = "<group>"; };
		D316D8FF223E85E3009CDF2A /* Base */ = {isa = PBXFileReference; lastKnownFileType = file.storyboard; name = Base; path = Base.lproj/LaunchScreen.storyboard; sourceTree = "<group>"; };
		D316D901223E85E3009CDF2A /* Info.plist */ = {isa = PBXFileReference; lastKnownFileType = text.plist.xml; path = Info.plist; sourceTree = "<group>"; };
		D316D909223E8BAF009CDF2A /* Rock1.scn */ = {isa = PBXFileReference; lastKnownFileType = file.bplist; path = Rock1.scn; sourceTree = "<group>"; };
/* End PBXFileReference section */

/* Begin PBXFrameworksBuildPhase section */
		D316D8ED223E85E2009CDF2A /* Frameworks */ = {
			isa = PBXFrameworksBuildPhase;
			buildActionMask = 2147483647;
			files = (
			);
			runOnlyForDeploymentPostprocessing = 0;
		};
/* End PBXFrameworksBuildPhase section */

/* Begin PBXGroup section */
		D316D8E7223E85E2009CDF2A = {
			isa = PBXGroup;
			children = (
				D316D8F2223E85E2009CDF2A /* MindTheStone */,
				D316D8F1223E85E2009CDF2A /* Products */,
			);
			sourceTree = "<group>";
		};
		D316D8F1223E85E2009CDF2A /* Products */ = {
			isa = PBXGroup;
			children = (
				D316D8F0223E85E2009CDF2A /* MindTheStone.app */,
			);
			name = Products;
			sourceTree = "<group>";
		};
		D316D8F2223E85E2009CDF2A /* MindTheStone */ = {
			isa = PBXGroup;
			children = (
				D316D8F3223E85E2009CDF2A /* AppDelegate.swift */,
				D316D909223E8BAF009CDF2A /* Rock1.scn */,
				D316D8F5223E85E2009CDF2A /* art.scnassets */,
				D316D8F7223E85E2009CDF2A /* GameViewController.swift */,
				D316D8F9223E85E2009CDF2A /* Main.storyboard */,
				D316D8FC223E85E3009CDF2A /* Assets.xcassets */,
				D316D8FE223E85E3009CDF2A /* LaunchScreen.storyboard */,
				D316D901223E85E3009CDF2A /* Info.plist */,
			);
			path = MindTheStone;
			sourceTree = "<group>";
		};
/* End PBXGroup section */

/* Begin PBXNativeTarget section */
		D316D8EF223E85E2009CDF2A /* MindTheStone */ = {
			isa = PBXNativeTarget;
			buildConfigurationList = D316D904223E85E3009CDF2A /* Build configuration list for PBXNativeTarget "MindTheStone" */;
			buildPhases = (
				D316D8EC223E85E2009CDF2A /* Sources */,
				D316D8ED223E85E2009CDF2A /* Frameworks */,
				D316D8EE223E85E2009CDF2A /* Resources */,
			);
			buildRules = (
			);
			dependencies = (
			);
			name = MindTheStone;
			productName = MindTheStone;
			productReference = D316D8F0223E85E2009CDF2A /* MindTheStone.app */;
			productType = "com.apple.product-type.application";
		};
/* End PBXNativeTarget section */

/* Begin PBXProject section */
		D316D8E8223E85E2009CDF2A /* Project object */ = {
			isa = PBXProject;
			attributes = {
				LastSwiftUpdateCheck = 1010;
				LastUpgradeCheck = 1010;
				ORGANIZATIONNAME = weslie;
				TargetAttributes = {
					D316D8EF223E85E2009CDF2A = {
						CreatedOnToolsVersion = 10.1;
					};
				};
			};
			buildConfigurationList = D316D8EB223E85E2009CDF2A /* Build configuration list for PBXProject "MindTheStone" */;
			compatibilityVersion = "Xcode 9.3";
			developmentRegion = en;
			hasScannedForEncodings = 0;
			knownRegions = (
				en,
				Base,
			);
			mainGroup = D316D8E7223E85E2009CDF2A;
			productRefGroup = D316D8F1223E85E2009CDF2A /* Products */;
			projectDirPath = "";
			projectRoot = "";
			targets = (
				D316D8EF223E85E2009CDF2A /* MindTheStone */,
			);
		};
/* End PBXProject section */

/* Begin PBXResourcesBuildPhase section */
		D316D8EE223E85E2009CDF2A /* Resources */ = {
			isa = PBXResourcesBuildPhase;
			buildActionMask = 2147483647;
			files = (
				D316D8F6223E85E2009CDF2A /* art.scnassets in Resources */,
				D316D900223E85E3009CDF2A /* LaunchScreen.storyboard in Resources */,
				D316D8FD223E85E3009CDF2A /* Assets.xcassets in Resources */,
				D316D8FB223E85E2009CDF2A /* Main.storyboard in Resources */,
			);
			runOnlyForDeploymentPostprocessing = 0;
		};
/* End PBXResourcesBuildPhase section */

/* Begin PBXSourcesBuildPhase section */
		D316D8EC223E85E2009CDF2A /* Sources */ = {
			isa = PBXSourcesBuildPhase;
			buildActionMask = 2147483647;
			files = (
				D316D8F8223E85E2009CDF2A /* GameViewController.swift in Sources */,
				D316D8F4223E85E2009CDF2A /* AppDelegate.swift in Sources */,
			);
			runOnlyForDeploymentPostprocessing = 0;
		};
/* End PBXSourcesBuildPhase section */

/* Begin PBXVariantGroup section */
		D316D8F9223E85E2009CDF2A /* Main.storyboard */ = {
			isa = PBXVariantGroup;
			children = (
				D316D8FA223E85E2009CDF2A /* Base */,
			);
			name = Main.storyboard;
			sourceTree = "<group>";
		};
		D316D8FE223E85E3009CDF2A /* LaunchScreen.storyboard */ = {
			isa = PBXVariantGroup;
			children = (
				D316D8FF223E85E3009CDF2A /* Base */,
			);
			name = LaunchScreen.storyboard;
			sourceTree = "<group>";
		};
/* End PBXVariantGroup section */

/* Begin XCBuildConfiguration section */
		D316D902223E85E3009CDF2A /* Debug */ = {
			isa = XCBuildConfiguration;
			buildSettings = {
				ALWAYS_SEARCH_USER_PATHS = NO;
				CLANG_ANALYZER_NONNULL = YES;
				CLANG_ANALYZER_NUMBER_OBJECT_CONVERSION = YES_AGGRESSIVE;
				CLANG_CXX_LANGUAGE_STANDARD = "gnu++14";
				CLANG_CXX_LIBRARY = "libc++";
				CLANG_ENABLE_MODULES = YES;
				CLANG_ENABLE_OBJC_ARC = YES;
				CLANG_ENABLE_OBJC_WEAK = YES;
				CLANG_WARN_BLOCK_CAPTURE_AUTORELEASING = YES;
				CLANG_WARN_BOOL_CONVERSION = YES;
				CLANG_WARN_COMMA = YES;
				CLANG_WARN_CONSTANT_CONVERSION = YES;
				CLANG_WARN_DEPRECATED_OBJC_IMPLEMENTATIONS = YES;
				CLANG_WARN_DIRECT_OBJC_ISA_USAGE = YES_ERROR;
				CLANG_WARN_DOCUMENTATION_COMMENTS = YES;
				CLANG_WARN_EMPTY_BODY = YES;
				CLANG_WARN_ENUM_CONVERSION = YES;
				CLANG_WARN_INFINITE_RECURSION = YES;
				CLANG_WARN_INT_CONVERSION = YES;
				CLANG_WARN_NON_LITERAL_NULL_CONVERSION = YES;
				CLANG_WARN_OBJC_IMPLICIT_RETAIN_SELF = YES;
				CLANG_WARN_OBJC_LITERAL_CONVERSION = YES;
				CLANG_WARN_OBJC_ROOT_CLASS = YES_ERROR;
				CLANG_WARN_RANGE_LOOP_ANALYSIS = YES;
				CLANG_WARN_STRICT_PROTOTYPES = YES;
				CLANG_WARN_SUSPICIOUS_MOVE = YES;
				CLANG_WARN_UNGUARDED_AVAILABILITY = YES_AGGRESSIVE;
				CLANG_WARN_UNREACHABLE_CODE = YES;
				CLANG_WARN__DUPLICATE_METHOD_MATCH = YES;
				CODE_SIGN_IDENTITY = "iPhone Developer";
				COPY_PHASE_STRIP = NO;
				DEBUG_INFORMATION_FORMAT = dwarf;
				ENABLE_STRICT_OBJC_MSGSEND = YES;
				ENABLE_TESTABILITY = YES;
				GCC_C_LANGUAGE_STANDARD = gnu11;
				GCC_DYNAMIC_NO_PIC = NO;
				GCC_NO_COMMON_BLOCKS = YES;
				GCC_OPTIMIZATION_LEVEL = 0;
				GCC_PREPROCESSOR_DEFINITIONS = (
					"DEBUG=1",
					"$(inherited)",
				);
				GCC_WARN_64_TO_32_BIT_CONVERSION = YES;
				GCC_WARN_ABOUT_RETURN_TYPE = YES_ERROR;
				GCC_WARN_UNDECLARED_SELECTOR = YES;
				GCC_WARN_UNINITIALIZED_AUTOS = YES_AGGRESSIVE;
				GCC_WARN_UNUSED_FUNCTION = YES;
				GCC_WARN_UNUSED_VARIABLE = YES;
				IPHONEOS_DEPLOYMENT_TARGET = 12.1;
				MTL_ENABLE_DEBUG_INFO = INCLUDE_SOURCE;
				MTL_FAST_MATH = YES;
				ONLY_ACTIVE_ARCH = YES;
				SDKROOT = iphoneos;
				SWIFT_ACTIVE_COMPILATION_CONDITIONS = DEBUG;
				SWIFT_OPTIMIZATION_LEVEL = "-Onone";
			};
			name = Debug;
		};
		D316D903223E85E3009CDF2A /* Release */ = {
			isa = XCBuildConfiguration;
			buildSettings = {
				ALWAYS_SEARCH_USER_PATHS = NO;
				CLANG_ANALYZER_NONNULL = YES;
				CLANG_ANALYZER_NUMBER_OBJECT_CONVERSION = YES_AGGRESSIVE;
				CLANG_CXX_LANGUAGE_STANDARD = "gnu++14";
				CLANG_CXX_LIBRARY = "libc++";
				CLANG_ENABLE_MODULES = YES;
				CLANG_ENABLE_OBJC_ARC = YES;
				CLANG_ENABLE_OBJC_WEAK = YES;
				CLANG_WARN_BLOCK_CAPTURE_AUTORELEASING = YES;
				CLANG_WARN_BOOL_CONVERSION = YES;
				CLANG_WARN_COMMA = YES;
				CLANG_WARN_CONSTANT_CONVERSION = YES;
				CLANG_WARN_DEPRECATED_OBJC_IMPLEMENTATIONS = YES;
				CLANG_WARN_DIRECT_OBJC_ISA_USAGE = YES_ERROR;
				CLANG_WARN_DOCUMENTATION_COMMENTS = YES;
				CLANG_WARN_EMPTY_BODY = YES;
				CLANG_WARN_ENUM_CONVERSION = YES;
				CLANG_WARN_INFINITE_RECURSION = YES;
				CLANG_WARN_INT_CONVERSION = YES;
				CLANG_WARN_NON_LITERAL_NULL_CONVERSION = YES;
				CLANG_WARN_OBJC_IMPLICIT_RETAIN_SELF = YES;
				CLANG_WARN_OBJC_LITERAL_CONVERSION = YES;
				CLANG_WARN_OBJC_ROOT_CLASS = YES_ERROR;
				CLANG_WARN_RANGE_LOOP_ANALYSIS = YES;
				CLANG_WARN_STRICT_PROTOTYPES = YES;
				CLANG_WARN_SUSPICIOUS_MOVE = YES;
				CLANG_WARN_UNGUARDED_AVAILABILITY = YES_AGGRESSIVE;
				CLANG_WARN_UNREACHABLE_CODE = YES;
				CLANG_WARN__DUPLICATE_METHOD_MATCH = YES;
				CODE_SIGN_IDENTITY = "iPhone Developer";
				COPY_PHASE_STRIP = NO;
				DEBUG_INFORMATION_FORMAT = "dwarf-with-dsym";
				ENABLE_NS_ASSERTIONS = NO;
				ENABLE_STRICT_OBJC_MSGSEND = YES;
				GCC_C_LANGUAGE_STANDARD = gnu11;
				GCC_NO_COMMON_BLOCKS = YES;
				GCC_WARN_64_TO_32_BIT_CONVERSION = YES;
				GCC_WARN_ABOUT_RETURN_TYPE = YES_ERROR;
				GCC_WARN_UNDECLARED_SELECTOR = YES;
				GCC_WARN_UNINITIALIZED_AUTOS = YES_AGGRESSIVE;
				GCC_WARN_UNUSED_FUNCTION = YES;
				GCC_WARN_UNUSED_VARIABLE = YES;
				IPHONEOS_DEPLOYMENT_TARGET = 12.1;
				MTL_ENABLE_DEBUG_INFO = NO;
				MTL_FAST_MATH = YES;
				SDKROOT = iphoneos;
				SWIFT_COMPILATION_MODE = wholemodule;
				SWIFT_OPTIMIZATION_LEVEL = "-O";
				VALIDATE_PRODUCT = YES;
			};
			name = Release;
		};
		D316D905223E85E3009CDF2A /* Debug */ = {
			isa = XCBuildConfiguration;
			buildSettings = {
				ASSETCATALOG_COMPILER_APPICON_NAME = AppIcon;
				CODE_SIGN_STYLE = Automatic;
				INFOPLIST_FILE = MindTheStone/Info.plist;
				LD_RUNPATH_SEARCH_PATHS = (
					"$(inherited)",
					"@executable_path/Frameworks",
				);
				PRODUCT_BUNDLE_IDENTIFIER = com.weslie.MindTheStone;
				PRODUCT_NAME = "$(TARGET_NAME)";
				SWIFT_VERSION = 4.2;
				TARGETED_DEVICE_FAMILY = "1,2";
			};
			name = Debug;
		};
		D316D906223E85E3009CDF2A /* Release */ = {
			isa = XCBuildConfiguration;
			buildSettings = {
				ASSETCATALOG_COMPILER_APPICON_NAME = AppIcon;
				CODE_SIGN_STYLE = Automatic;
				INFOPLIST_FILE = MindTheStone/Info.plist;
				LD_RUNPATH_SEARCH_PATHS = (
					"$(inherited)",
					"@executable_path/Frameworks",
				);
				PRODUCT_BUNDLE_IDENTIFIER = com.weslie.MindTheStone;
				PRODUCT_NAME = "$(TARGET_NAME)";
				SWIFT_VERSION = 4.2;
				TARGETED_DEVICE_FAMILY = "1,2";
			};
			name = Release;
		};
/* End XCBuildConfiguration section */

/* Begin XCConfigurationList section */
		D316D8EB223E85E2009CDF2A /* Build configuration list for PBXProject "MindTheStone" */ = {
			isa = XCConfigurationList;
			buildConfigurations = (
				D316D902223E85E3009CDF2A /* Debug */,
				D316D903223E85E3009CDF2A /* Release */,
			);
			defaultConfigurationIsVisible = 0;
			defaultConfigurationName = Release;
		};
		D316D904223E85E3009CDF2A /* Build configuration list for PBXNativeTarget "MindTheStone" */ = {
			isa = XCConfigurationList;
			buildConfigurations = (
				D316D905223E85E3009CDF2A /* Debug */,
				D316D906223E85E3009CDF2A /* Release */,
			);
			defaultConfigurationIsVisible = 0;
			defaultConfigurationName = Release;
		};
/* End XCConfigurationList section */
	};
	rootObject = D316D8E8223E85E2009CDF2A /* Project object */;
}
