// !$*UTF8*$!
{
	archiveVersion = 1;
	classes = {
	};
	objectVersion = 50;
	objects = {

/* Begin PBXBuildFile section */
		D33E93C72244FFC200D83752 /* AppDelegate.swift in Sources */ = {isa = PBXBuildFile; fileRef = D33E93C62244FFC200D83752 /* AppDelegate.swift */; };
		D33E93C92244FFC200D83752 /* ViewController.swift in Sources */ = {isa = PBXBuildFile; fileRef = D33E93C82244FFC200D83752 /* ViewController.swift */; };
		D33E93CC2244FFC200D83752 /* Main.storyboard in Resources */ = {isa = PBXBuildFile; fileRef = D33E93CA2244FFC200D83752 /* Main.storyboard */; };
		D33E93CE2244FFC500D83752 /* Assets.xcassets in Resources */ = {isa = PBXBuildFile; fileRef = D33E93CD2244FFC500D83752 /* Assets.xcassets */; };
		D33E93D12244FFC500D83752 /* LaunchScreen.storyboard in Resources */ = {isa = PBXBuildFile; fileRef = D33E93CF2244FFC500D83752 /* LaunchScreen.storyboard */; };
		D370F5E6224501370011DD91 /* GameScene.scn in Resources */ = {isa = PBXBuildFile; fileRef = D370F5E5224501370011DD91 /* GameScene.scn */; };
		D370F5E8224504810011DD91 /* file.jpeg in Resources */ = {isa = PBXBuildFile; fileRef = D370F5E7224504810011DD91 /* file.jpeg */; };
		D370F5EA224507CD0011DD91 /* Extension+CMDeviceMotion.swift in Sources */ = {isa = PBXBuildFile; fileRef = D370F5E9224507CD0011DD91 /* Extension+CMDeviceMotion.swift */; };
		D3D6398B224527F30059999B /* stars.jpg in Resources */ = {isa = PBXBuildFile; fileRef = D3D6398A224527F30059999B /* stars.jpg */; };
		D3D6398D2245284A0059999B /* hud.png in Resources */ = {isa = PBXBuildFile; fileRef = D3D6398C2245284A0059999B /* hud.png */; };
		D3D6398F2245285E0059999B /* spaceship.png in Resources */ = {isa = PBXBuildFile; fileRef = D3D6398E2245285E0059999B /* spaceship.png */; };
/* End PBXBuildFile section */

/* Begin PBXFileReference section */
		D33E93C32244FFC200D83752 /* MindTheStone3D.app */ = {isa = PBXFileReference; explicitFileType = wrapper.application; includeInIndex = 0; path = MindTheStone3D.app; sourceTree = BUILT_PRODUCTS_DIR; };
		D33E93C62244FFC200D83752 /* AppDelegate.swift */ = {isa = PBXFileReference; lastKnownFileType = sourcecode.swift; path = AppDelegate.swift; sourceTree = "<group>"; };
		D33E93C82244FFC200D83752 /* ViewController.swift */ = {isa = PBXFileReference; lastKnownFileType = sourcecode.swift; path = ViewController.swift; sourceTree = "<group>"; };
		D33E93CB2244FFC200D83752 /* Base */ = {isa = PBXFileReference; lastKnownFileType = file.storyboard; name = Base; path = Base.lproj/Main.storyboard; sourceTree = "<group>"; };
		D33E93CD2244FFC500D83752 /* Assets.xcassets */ = {isa = PBXFileReference; lastKnownFileType = folder.assetcatalog; path = Assets.xcassets; sourceTree = "<group>"; };
		D33E93D02244FFC500D83752 /* Base */ = {isa = PBXFileReference; lastKnownFileType = file.storyboard; name = Base; path = Base.lproj/LaunchScreen.storyboard; sourceTree = "<group>"; };
		D33E93D22244FFC500D83752 /* Info.plist */ = {isa = PBXFileReference; lastKnownFileType = text.plist.xml; path = Info.plist; sourceTree = "<group>"; };
		D370F5E5224501370011DD91 /* GameScene.scn */ = {isa = PBXFileReference; lastKnownFileType = file.bplist; path = GameScene.scn; sourceTree = "<group>"; };
		D370F5E7224504810011DD91 /* file.jpeg */ = {isa = PBXFileReference; lastKnownFileType = image.jpeg; path = file.jpeg; sourceTree = "<group>"; };
		D370F5E9224507CD0011DD91 /* Extension+CMDeviceMotion.swift */ = {isa = PBXFileReference; lastKnownFileType = sourcecode.swift; path = "Extension+CMDeviceMotion.swift"; sourceTree = "<group>"; };
		D3D6398A224527F30059999B /* stars.jpg */ = {isa = PBXFileReference; lastKnownFileType = image.jpeg; path = stars.jpg; sourceTree = "<group>"; };
		D3D6398C2245284A0059999B /* hud.png */ = {isa = PBXFileReference; lastKnownFileType = image.png; path = hud.png; sourceTree = "<group>"; };
		D3D6398E2245285E0059999B /* spaceship.png */ = {isa = PBXFileReference; lastKnownFileType = image.png; path = spaceship.png; sourceTree = "<group>"; };
/* End PBXFileReference section */

/* Begin PBXFrameworksBuildPhase section */
		D33E93C02244FFC200D83752 /* Frameworks */ = {
			isa = PBXFrameworksBuildPhase;
			buildActionMask = 2147483647;
			files = (
			);
			runOnlyForDeploymentPostprocessing = 0;
		};
/* End PBXFrameworksBuildPhase section */

/* Begin PBXGroup section */
		D33E93BA2244FFC200D83752 = {
			isa = PBXGroup;
			children = (
				D33E93C52244FFC200D83752 /* MindTheStone3D */,
				D33E93C42244FFC200D83752 /* Products */,
			);
			sourceTree = "<group>";
		};
		D33E93C42244FFC200D83752 /* Products */ = {
			isa = PBXGroup;
			children = (
				D33E93C32244FFC200D83752 /* MindTheStone3D.app */,
			);
			name = Products;
			sourceTree = "<group>";
		};
		D33E93C52244FFC200D83752 /* MindTheStone3D */ = {
			isa = PBXGroup;
			children = (
				D33E93C62244FFC200D83752 /* AppDelegate.swift */,
				D33E93C82244FFC200D83752 /* ViewController.swift */,
				D370F5E9224507CD0011DD91 /* Extension+CMDeviceMotion.swift */,
				D3D6398A224527F30059999B /* stars.jpg */,
				D3D6398E2245285E0059999B /* spaceship.png */,
				D370F5E7224504810011DD91 /* file.jpeg */,
				D3D6398C2245284A0059999B /* hud.png */,
				D370F5E5224501370011DD91 /* GameScene.scn */,
				D33E93CA2244FFC200D83752 /* Main.storyboard */,
				D33E93CD2244FFC500D83752 /* Assets.xcassets */,
				D33E93CF2244FFC500D83752 /* LaunchScreen.storyboard */,
				D33E93D22244FFC500D83752 /* Info.plist */,
			);
			path = MindTheStone3D;
			sourceTree = "<group>";
		};
/* End PBXGroup section */

/* Begin PBXNativeTarget section */
		D33E93C22244FFC200D83752 /* MindTheStone3D */ = {
			isa = PBXNativeTarget;
			buildConfigurationList = D33E93D52244FFC500D83752 /* Build configuration list for PBXNativeTarget "MindTheStone3D" */;
			buildPhases = (
				D33E93BF2244FFC200D83752 /* Sources */,
				D33E93C02244FFC200D83752 /* Frameworks */,
				D33E93C12244FFC200D83752 /* Resources */,
			);
			buildRules = (
			);
			dependencies = (
			);
			name = MindTheStone3D;
			productName = MindTheStone3D;
			productReference = D33E93C32244FFC200D83752 /* MindTheStone3D.app */;
			productType = "com.apple.product-type.application";
		};
/* End PBXNativeTarget section */

/* Begin PBXProject section */
		D33E93BB2244FFC200D83752 /* Project object */ = {
			isa = PBXProject;
			attributes = {
				LastSwiftUpdateCheck = 1010;
				LastUpgradeCheck = 1010;
				ORGANIZATIONNAME = weslie;
				TargetAttributes = {
					D33E93C22244FFC200D83752 = {
						CreatedOnToolsVersion = 10.1;
					};
				};
			};
			buildConfigurationList = D33E93BE2244FFC200D83752 /* Build configuration list for PBXProject "MindTheStone3D" */;
			compatibilityVersion = "Xcode 9.3";
			developmentRegion = en;
			hasScannedForEncodings = 0;
			knownRegions = (
				en,
				Base,
			);
			mainGroup = D33E93BA2244FFC200D83752;
			productRefGroup = D33E93C42244FFC200D83752 /* Products */;
			projectDirPath = "";
			projectRoot = "";
			targets = (
				D33E93C22244FFC200D83752 /* MindTheStone3D */,
			);
		};
/* End PBXProject section */

/* Begin PBXResourcesBuildPhase section */
		D33E93C12244FFC200D83752 /* Resources */ = {
			isa = PBXResourcesBuildPhase;
			buildActionMask = 2147483647;
			files = (
				D3D6398F2245285E0059999B /* spaceship.png in Resources */,
				D370F5E8224504810011DD91 /* file.jpeg in Resources */,
				D3D6398B224527F30059999B /* stars.jpg in Resources */,
				D33E93D12244FFC500D83752 /* LaunchScreen.storyboard in Resources */,
				D33E93CE2244FFC500D83752 /* Assets.xcassets in Resources */,
				D33E93CC2244FFC200D83752 /* Main.storyboard in Resources */,
				D370F5E6224501370011DD91 /* GameScene.scn in Resources */,
				D3D6398D2245284A0059999B /* hud.png in Resources */,
			);
			runOnlyForDeploymentPostprocessing = 0;
		};
/* End PBXResourcesBuildPhase section */

/* Begin PBXSourcesBuildPhase section */
		D33E93BF2244FFC200D83752 /* Sources */ = {
			isa = PBXSourcesBuildPhase;
			buildActionMask = 2147483647;
			files = (
				D33E93C92244FFC200D83752 /* ViewController.swift in Sources */,
				D33E93C72244FFC200D83752 /* AppDelegate.swift in Sources */,
				D370F5EA224507CD0011DD91 /* Extension+CMDeviceMotion.swift in Sources */,
			);
			runOnlyForDeploymentPostprocessing = 0;
		};
/* End PBXSourcesBuildPhase section */

/* Begin PBXVariantGroup section */
		D33E93CA2244FFC200D83752 /* Main.storyboard */ = {
			isa = PBXVariantGroup;
			children = (
				D33E93CB2244FFC200D83752 /* Base */,
			);
			name = Main.storyboard;
			sourceTree = "<group>";
		};
		D33E93CF2244FFC500D83752 /* LaunchScreen.storyboard */ = {
			isa = PBXVariantGroup;
			children = (
				D33E93D02244FFC500D83752 /* Base */,
			);
			name = LaunchScreen.storyboard;
			sourceTree = "<group>";
		};
/* End PBXVariantGroup section */

/* Begin XCBuildConfiguration section */
		D33E93D32244FFC500D83752 /* Debug */ = {
			isa = XCBuildConfiguration;
			buildSettings = {
				ALWAYS_SEARCH_USER_PATHS = NO;
				CLANG_ANALYZER_NONNULL = YES;
				CLANG_ANALYZER_NUMBER_OBJECT_CONVERSION = YES_AGGRESSIVE;
				CLANG_CXX_LANGUAGE_STANDARD = "gnu++14";
				CLANG_CXX_LIBRARY = "libc++";
				CLANG_ENABLE_MODULES = YES;
				CLANG_ENABLE_OBJC_ARC = YES;
				CLANG_ENABLE_OBJC_WEAK = YES;
				CLANG_WARN_BLOCK_CAPTURE_AUTORELEASING = YES;
				CLANG_WARN_BOOL_CONVERSION = YES;
				CLANG_WARN_COMMA = YES;
				CLANG_WARN_CONSTANT_CONVERSION = YES;
				CLANG_WARN_DEPRECATED_OBJC_IMPLEMENTATIONS = YES;
				CLANG_WARN_DIRECT_OBJC_ISA_USAGE = YES_ERROR;
				CLANG_WARN_DOCUMENTATION_COMMENTS = YES;
				CLANG_WARN_EMPTY_BODY = YES;
				CLANG_WARN_ENUM_CONVERSION = YES;
				CLANG_WARN_INFINITE_RECURSION = YES;
				CLANG_WARN_INT_CONVERSION = YES;
				CLANG_WARN_NON_LITERAL_NULL_CONVERSION = YES;
				CLANG_WARN_OBJC_IMPLICIT_RETAIN_SELF = YES;
				CLANG_WARN_OBJC_LITERAL_CONVERSION = YES;
				CLANG_WARN_OBJC_ROOT_CLASS = YES_ERROR;
				CLANG_WARN_RANGE_LOOP_ANALYSIS = YES;
				CLANG_WARN_STRICT_PROTOTYPES = YES;
				CLANG_WARN_SUSPICIOUS_MOVE = YES;
				CLANG_WARN_UNGUARDED_AVAILABILITY = YES_AGGRESSIVE;
				CLANG_WARN_UNREACHABLE_CODE = YES;
				CLANG_WARN__DUPLICATE_METHOD_MATCH = YES;
				CODE_SIGN_IDENTITY = "iPhone Developer";
				COPY_PHASE_STRIP = NO;
				DEBUG_INFORMATION_FORMAT = dwarf;
				ENABLE_STRICT_OBJC_MSGSEND = YES;
				ENABLE_TESTABILITY = YES;
				GCC_C_LANGUAGE_STANDARD = gnu11;
				GCC_DYNAMIC_NO_PIC = NO;
				GCC_NO_COMMON_BLOCKS = YES;
				GCC_OPTIMIZATION_LEVEL = 0;
				GCC_PREPROCESSOR_DEFINITIONS = (
					"DEBUG=1",
					"$(inherited)",
				);
				GCC_WARN_64_TO_32_BIT_CONVERSION = YES;
				GCC_WARN_ABOUT_RETURN_TYPE = YES_ERROR;
				GCC_WARN_UNDECLARED_SELECTOR = YES;
				GCC_WARN_UNINITIALIZED_AUTOS = YES_AGGRESSIVE;
				GCC_WARN_UNUSED_FUNCTION = YES;
				GCC_WARN_UNUSED_VARIABLE = YES;
				IPHONEOS_DEPLOYMENT_TARGET = 12.1;
				MTL_ENABLE_DEBUG_INFO = INCLUDE_SOURCE;
				MTL_FAST_MATH = YES;
				ONLY_ACTIVE_ARCH = YES;
				SDKROOT = iphoneos;
				SWIFT_ACTIVE_COMPILATION_CONDITIONS = DEBUG;
				SWIFT_OPTIMIZATION_LEVEL = "-Onone";
			};
			name = Debug;
		};
		D33E93D42244FFC500D83752 /* Release */ = {
			isa = XCBuildConfiguration;
			buildSettings = {
				ALWAYS_SEARCH_USER_PATHS = NO;
				CLANG_ANALYZER_NONNULL = YES;
				CLANG_ANALYZER_NUMBER_OBJECT_CONVERSION = YES_AGGRESSIVE;
				CLANG_CXX_LANGUAGE_STANDARD = "gnu++14";
				CLANG_CXX_LIBRARY = "libc++";
				CLANG_ENABLE_MODULES = YES;
				CLANG_ENABLE_OBJC_ARC = YES;
				CLANG_ENABLE_OBJC_WEAK = YES;
				CLANG_WARN_BLOCK_CAPTURE_AUTORELEASING = YES;
				CLANG_WARN_BOOL_CONVERSION = YES;
				CLANG_WARN_COMMA = YES;
				CLANG_WARN_CONSTANT_CONVERSION = YES;
				CLANG_WARN_DEPRECATED_OBJC_IMPLEMENTATIONS = YES;
				CLANG_WARN_DIRECT_OBJC_ISA_USAGE = YES_ERROR;
				CLANG_WARN_DOCUMENTATION_COMMENTS = YES;
				CLANG_WARN_EMPTY_BODY = YES;
				CLANG_WARN_ENUM_CONVERSION = YES;
				CLANG_WARN_INFINITE_RECURSION = YES;
				CLANG_WARN_INT_CONVERSION = YES;
				CLANG_WARN_NON_LITERAL_NULL_CONVERSION = YES;
				CLANG_WARN_OBJC_IMPLICIT_RETAIN_SELF = YES;
				CLANG_WARN_OBJC_LITERAL_CONVERSION = YES;
				CLANG_WARN_OBJC_ROOT_CLASS = YES_ERROR;
				CLANG_WARN_RANGE_LOOP_ANALYSIS = YES;
				CLANG_WARN_STRICT_PROTOTYPES = YES;
				CLANG_WARN_SUSPICIOUS_MOVE = YES;
				CLANG_WARN_UNGUARDED_AVAILABILITY = YES_AGGRESSIVE;
				CLANG_WARN_UNREACHABLE_CODE = YES;
				CLANG_WARN__DUPLICATE_METHOD_MATCH = YES;
				CODE_SIGN_IDENTITY = "iPhone Developer";
				COPY_PHASE_STRIP = NO;
				DEBUG_INFORMATION_FORMAT = "dwarf-with-dsym";
				ENABLE_NS_ASSERTIONS = NO;
				ENABLE_STRICT_OBJC_MSGSEND = YES;
				GCC_C_LANGUAGE_STANDARD = gnu11;
				GCC_NO_COMMON_BLOCKS = YES;
				GCC_WARN_64_TO_32_BIT_CONVERSION = YES;
				GCC_WARN_ABOUT_RETURN_TYPE = YES_ERROR;
				GCC_WARN_UNDECLARED_SELECTOR = YES;
				GCC_WARN_UNINITIALIZED_AUTOS = YES_AGGRESSIVE;
				GCC_WARN_UNUSED_FUNCTION = YES;
				GCC_WARN_UNUSED_VARIABLE = YES;
				IPHONEOS_DEPLOYMENT_TARGET = 12.1;
				MTL_ENABLE_DEBUG_INFO = NO;
				MTL_FAST_MATH = YES;
				SDKROOT = iphoneos;
				SWIFT_COMPILATION_MODE = wholemodule;
				SWIFT_OPTIMIZATION_LEVEL = "-O";
				VALIDATE_PRODUCT = YES;
			};
			name = Release;
		};
		D33E93D62244FFC500D83752 /* Debug */ = {
			isa = XCBuildConfiguration;
			buildSettings = {
				ASSETCATALOG_COMPILER_APPICON_NAME = AppIcon;
				CODE_SIGN_STYLE = Automatic;
				DEVELOPMENT_TEAM = 4UXX38SJ8T;
				INFOPLIST_FILE = MindTheStone3D/Info.plist;
				LD_RUNPATH_SEARCH_PATHS = (
					"$(inherited)",
					"@executable_path/Frameworks",
				);
				PRODUCT_BUNDLE_IDENTIFIER = com.weslie.MindTheStone3D;
				PRODUCT_NAME = "$(TARGET_NAME)";
				SWIFT_VERSION = 4.2;
				TARGETED_DEVICE_FAMILY = "1,2";
			};
			name = Debug;
		};
		D33E93D72244FFC500D83752 /* Release */ = {
			isa = XCBuildConfiguration;
			buildSettings = {
				ASSETCATALOG_COMPILER_APPICON_NAME = AppIcon;
				CODE_SIGN_STYLE = Automatic;
				DEVELOPMENT_TEAM = 4UXX38SJ8T;
				INFOPLIST_FILE = MindTheStone3D/Info.plist;
				LD_RUNPATH_SEARCH_PATHS = (
					"$(inherited)",
					"@executable_path/Frameworks",
				);
				PRODUCT_BUNDLE_IDENTIFIER = com.weslie.MindTheStone3D;
				PRODUCT_NAME = "$(TARGET_NAME)";
				SWIFT_VERSION = 4.2;
				TARGETED_DEVICE_FAMILY = "1,2";
			};
			name = Release;
		};
/* End XCBuildConfiguration section */

/* Begin XCConfigurationList section */
		D33E93BE2244FFC200D83752 /* Build configuration list for PBXProject "MindTheStone3D" */ = {
			isa = XCConfigurationList;
			buildConfigurations = (
				D33E93D32244FFC500D83752 /* Debug */,
				D33E93D42244FFC500D83752 /* Release */,
			);
			defaultConfigurationIsVisible = 0;
			defaultConfigurationName = Release;
		};
		D33E93D52244FFC500D83752 /* Build configuration list for PBXNativeTarget "MindTheStone3D" */ = {
			isa = XCConfigurationList;
			buildConfigurations = (
				D33E93D62244FFC500D83752 /* Debug */,
				D33E93D72244FFC500D83752 /* Release */,
			);
			defaultConfigurationIsVisible = 0;
			defaultConfigurationName = Release;
		};
/* End XCConfigurationList section */
	};
	rootObject = D33E93BB2244FFC200D83752 /* Project object */;
}
